
Microsoft Visual Studio Solution File, Format Version 12.00
# Visual Studio Version 16
VisualStudioVersion = 16.0.31624.102
MinimumVisualStudioVersion = 10.0.40219.1
Project("{8BC9CEB8-8B4A-11D0-8D11-00A0C91BC942}") = "1780", "1780\1780.vcxproj", "{B3A42276-DE59-427D-98B7-025DC01E2094}"
EndProject
Global
	GlobalSection(SolutionConfigurationPlatforms) = preSolution
		Debug|x64 = Debug|x64
		Debug|x86 = Debug|x86
		Release|x64 = Release|x64
		Release|x86 = Release|x86
	EndGlobalSection
	GlobalSection(ProjectConfigurationPlatforms) = postSolution
		{B3A42276-DE59-427D-98B7-025DC01E2094}.Debug|x64.ActiveCfg = Debug|x64
		{B3A42276-DE59-427D-98B7-025DC01E2094}.Debug|x64.Build.0 = Debug|x64
		{B3A42276-DE59-427D-98B7-025DC01E2094}.Debug|x86.ActiveCfg = Debug|Win32
		{B3A42276-DE59-427D-98B7-025DC01E2094}.Debug|x86.Build.0 = Debug|Win32
		{B3A42276-DE59-427D-98B7-025DC01E2094}.Release|x64.ActiveCfg = Release|x64
		{B3A42276-DE59-427D-98B7-025DC01E2094}.Release|x64.Build.0 = Release|x64
		{B3A42276-DE59-427D-98B7-025DC01E2094}.Release|x86.ActiveCfg = Release|Win32
		{B3A42276-DE59-427D-98B7-025DC01E2094}.Release|x86.Build.0 = Release|Win32
	EndGlobalSection
	GlobalSection(SolutionProperties) = preSolution
		HideSolutionNode = FALSE
	EndGlobalSection
	GlobalSection(ExtensibilityGlobals) = postSolution
		SolutionGuid = {D69714E7-9750-4C7D-889C-98C61851C133}
	EndGlobalSection
EndGlobal
